
Microsoft Visual Studio Solution File, Format Version 12.00
# Visual Studio Version 17
VisualStudioVersion = 17.4.33103.184
MinimumVisualStudioVersion = 10.0.40219.1
Project("{9A19103F-16F7-4668-BE54-9A1E7A4F7556}") = "TestLab", "TestLab\TestLab.csproj", "{C30C8417-93B3-4D71-9623-9481E22FF2D1}"
EndProject
Project("{2150E333-8FDC-42A3-9474-1A3956D46DE8}") = "Solution Items", "Solution Items", "{CE8F0471-6A36-40C4-A17D-AF1A805F93CF}"
	ProjectSection(SolutionItems) = preProject
		.editorconfig = .editorconfig
	EndProjectSection
EndProject
Global
	GlobalSection(SolutionConfigurationPlatforms) = preSolution
		Debug|Any CPU = Debug|Any CPU
		Release|Any CPU = Release|Any CPU
	EndGlobalSection
	GlobalSection(ProjectConfigurationPlatforms) = postSolution
		{C30C8417-93B3-4D71-9623-9481E22FF2D1}.Debug|Any CPU.ActiveCfg = Debug|Any CPU
		{C30C8417-93B3-4D71-9623-9481E22FF2D1}.Debug|Any CPU.Build.0 = Debug|Any CPU
		{C30C8417-93B3-4D71-9623-9481E22FF2D1}.Release|Any CPU.ActiveCfg = Release|Any CPU
		{C30C8417-93B3-4D71-9623-9481E22FF2D1}.Release|Any CPU.Build.0 = Release|Any CPU
	EndGlobalSection
	GlobalSection(SolutionProperties) = preSolution
		HideSolutionNode = FALSE
	EndGlobalSection
	GlobalSection(ExtensibilityGlobals) = postSolution
		SolutionGuid = {6F98F9AB-A515-4824-9885-B87A08B22536}
	EndGlobalSection
EndGlobal
